{
    "_readme": [
        "This file locks the dependencies of your project to a known state",
        "Read more about it at https://getcomposer.org/doc/01-basic-usage.md#installing-dependencies",
        "This file is @generated automatically"
    ],
    "content-hash": "ac460113c77cbb67db9cc1e8ae07711f",
    "packages": [
        {
            "name": "adbario/php-dot-notation",
            "version": "2.5.0",
            "source": {
                "type": "git",
                "url": "https://github.com/adbario/php-dot-notation.git",
                "reference": "081e2cca50c84bfeeea2e3ef9b2c8d206d80ccae"
            },
            "dist": {
                "type": "zip",
                "url": "https://api.github.com/repos/adbario/php-dot-notation/zipball/081e2cca50c84bfeeea2e3ef9b2c8d206d80ccae",
                "reference": "081e2cca50c84bfeeea2e3ef9b2c8d206d80ccae",
                "shasum": ""
            },
            "require": {
                "ext-json": "*",
                "php": "^5.5 || ^7.0 || ^8.0"
            },
            "require-dev": {
                "phpunit/phpunit": "^4.8|^5.7|^6.6|^7.5|^8.5|^9.5",
                "squizlabs/php_codesniffer": "^3.6"
            },
            "type": "library",
            "autoload": {
                "files": [
                    "src/helpers.php"
                ],
                "psr-4": {
                    "Adbar\\": "src"
                }
            },
            "notification-url": "https://packagist.org/downloads/",
            "license": [
                "MIT"
            ],
            "authors": [
                {
                    "name": "Riku Särkinen",
                    "email": "riku@adbar.io"
                }
            ],
            "description": "PHP dot notation access to arrays",
            "homepage": "https://github.com/adbario/php-dot-notation",
            "keywords": [
                "ArrayAccess",
                "dotnotation"
            ],
            "support": {
                "issues": "https://github.com/adbario/php-dot-notation/issues",
                "source": "https://github.com/adbario/php-dot-notation/tree/2.5.0"
            },
            "time": "2022-10-14T20:31:46+00:00"
        },
        {
            "name": "alibabacloud/credentials",
            "version": "1.2.3",
            "source": {
                "type": "git",
                "url": "https://github.com/aliyun/credentials-php.git",
                "reference": "f6d1986e7b7be8da781d0b99f24c92d9860ba0c1"
            },
            "dist": {
                "type": "zip",
                "url": "https://api.github.com/repos/aliyun/credentials-php/zipball/f6d1986e7b7be8da781d0b99f24c92d9860ba0c1",
                "reference": "f6d1986e7b7be8da781d0b99f24c92d9860ba0c1",
                "shasum": ""
            },
            "require": {
                "adbario/php-dot-notation": "^2.2",
                "alibabacloud/tea": "^3.0",
                "ext-curl": "*",
                "ext-json": "*",
                "ext-libxml": "*",
                "ext-mbstring": "*",
                "ext-openssl": "*",
                "ext-simplexml": "*",
                "ext-xmlwriter": "*",
                "guzzlehttp/guzzle": "^6.3|^7.0",
                "php": ">=5.6"
            },
            "require-dev": {
                "composer/composer": "^1.8",
                "drupal/coder": "^8.3",
                "ext-dom": "*",
                "ext-pcre": "*",
                "ext-sockets": "*",
                "ext-spl": "*",
                "mikey179/vfsstream": "^1.6",
                "monolog/monolog": "^1.24",
                "phpunit/phpunit": "^5.7|^6.6|^9.3",
                "psr/cache": "^1.0",
                "symfony/dotenv": "^3.4",
                "symfony/var-dumper": "^3.4"
            },
            "suggest": {
                "ext-sockets": "To use client-side monitoring"
            },
            "type": "library",
            "autoload": {
                "psr-4": {
                    "AlibabaCloud\\Credentials\\": "src"
                }
            },
            "notification-url": "https://packagist.org/downloads/",
            "license": [
                "Apache-2.0"
            ],
            "authors": [
                {
                    "name": "Alibaba Cloud SDK",
                    "email": "sdk-team@alibabacloud.com",
                    "homepage": "http://www.alibabacloud.com"
                }
            ],
            "description": "Alibaba Cloud Credentials for PHP",
            "homepage": "https://www.alibabacloud.com/",
            "keywords": [
                "alibaba",
                "alibabacloud",
                "aliyun",
                "client",
                "cloud",
                "credentials",
                "library",
                "sdk",
                "tool"
            ],
            "support": {
                "issues": "https://github.com/aliyun/credentials-php/issues",
                "source": "https://github.com/aliyun/credentials-php"
            },
            "time": "2025-04-18T09:09:46+00:00"
        },
        {
            "name": "alibabacloud/darabonba",
            "version": "v1.0.4",
            "source": {
                "type": "git",
                "url": "https://github.com/alibabacloud-sdk-php/darabonba.git",
                "reference": "b1ccea693258ea68e455e330922406f3afe10e9c"
            },
            "dist": {
                "type": "zip",
                "url": "https://api.github.com/repos/alibabacloud-sdk-php/darabonba/zipball/b1ccea693258ea68e455e330922406f3afe10e9c",
                "reference": "b1ccea693258ea68e455e330922406f3afe10e9c",
                "shasum": ""
            },
            "require": {
                "adbario/php-dot-notation": "^2.4",
                "alibabacloud/tea": "^3.2",
                "ext-curl": "*",
                "ext-json": "*",
                "ext-libxml": "*",
                "ext-mbstring": "*",
                "ext-openssl": "*",
                "ext-simplexml": "*",
                "ext-xmlwriter": "*",
                "guzzlehttp/guzzle": "^6.3|^7.0",
                "php": ">=5.5"
            },
            "require-dev": {
                "phpunit/phpunit": "^4.8.35|^5.4.3|^9.3",
                "symfony/dotenv": "^3.4",
                "symfony/var-dumper": "^3.4"
            },
            "suggest": {
                "ext-sockets": "To use client-side monitoring"
            },
            "type": "library",
            "autoload": {
                "psr-4": {
                    "AlibabaCloud\\Dara\\": "src"
                }
            },
            "notification-url": "https://packagist.org/downloads/",
            "license": [
                "Apache-2.0"
            ],
            "authors": [
                {
                    "name": "Alibaba Cloud SDK",
                    "email": "sdk-team@alibabacloud.com",
                    "homepage": "http://www.alibabacloud.com"
                }
            ],
            "description": "Client of Darabonba for PHP",
            "homepage": "https://www.alibabacloud.com/",
            "keywords": [
                "alibabacloud",
                "client",
                "cloud",
                "tea"
            ],
            "support": {
                "issues": "https://github.com/aliyun/tea-php/issues",
                "source": "https://github.com/aliyun/tea-php"
            },
            "time": "2025-12-15T10:15:24+00:00"
        },
        {
            "name": "alibabacloud/dypnsapi-20170525",
            "version": "2.0.0",
            "source": {
                "type": "git",
                "url": "https://github.com/alibabacloud-sdk-php/dypnsapi-20170525.git",
                "reference": "11b9f02779d2a24726886c186fe959192bb9926d"
            },
            "dist": {
                "type": "zip",
                "url": "https://api.github.com/repos/alibabacloud-sdk-php/dypnsapi-20170525/zipball/11b9f02779d2a24726886c186fe959192bb9926d",
                "reference": "11b9f02779d2a24726886c186fe959192bb9926d",
                "shasum": ""
            },
            "require": {
                "alibabacloud/darabonba": "^1.0.0",
                "alibabacloud/openapi-core": "^1.0.0",
                "php": ">5.5"
            },
            "type": "library",
            "autoload": {
                "psr-4": {
                    "AlibabaCloud\\SDK\\Dypnsapi\\V20170525\\": "src"
                }
            },
            "notification-url": "https://packagist.org/downloads/",
            "license": [
                "Apache-2.0"
            ],
            "authors": [
                {
                    "name": "Alibaba Cloud SDK",
                    "email": "sdk-team@alibabacloud.com"
                }
            ],
            "description": "Alibaba Cloud Dypnsapi (20170525) SDK Library for PHP",
            "support": {
                "source": "https://github.com/alibabacloud-sdk-php/dypnsapi-20170525/tree/2.0.0"
            },
            "time": "2025-09-28T01:52:04+00:00"
        },
        {
            "name": "alibabacloud/dysmsapi-20170525",
            "version": "4.5.0",
            "source": {
                "type": "git",
                "url": "https://github.com/alibabacloud-sdk-php/Dysmsapi-20170525.git",
                "reference": "fae42a803ef6c704e0d64161178391cbe80d4ec1"
            },
            "dist": {
                "type": "zip",
                "url": "https://api.github.com/repos/alibabacloud-sdk-php/Dysmsapi-20170525/zipball/fae42a803ef6c704e0d64161178391cbe80d4ec1",
                "reference": "fae42a803ef6c704e0d64161178391cbe80d4ec1",
                "shasum": ""
            },
            "require": {
                "alibabacloud/darabonba": "^1.0.0",
                "alibabacloud/openapi-core": "^1.0.0",
                "php": ">5.5"
            },
            "type": "library",
            "autoload": {
                "psr-4": {
                    "AlibabaCloud\\SDK\\Dysmsapi\\V20170525\\": "src"
                }
            },
            "notification-url": "https://packagist.org/downloads/",
            "license": [
                "Apache-2.0"
            ],
            "authors": [
                {
                    "name": "Alibaba Cloud SDK",
                    "email": "sdk-team@alibabacloud.com"
                }
            ],
            "description": "Alibaba Cloud Dysmsapi (20170525) SDK Library for PHP",
            "support": {
                "source": "https://github.com/alibabacloud-sdk-php/Dysmsapi-20170525/tree/4.5.0"
            },
            "time": "2026-02-10T09:19:17+00:00"
        },
        {
            "name": "alibabacloud/gateway-spi",
            "version": "1.0.0",
            "source": {
                "type": "git",
                "url": "https://github.com/alibabacloud-sdk-php/alibabacloud-gateway-spi.git",
                "reference": "7440f77750c329d8ab252db1d1d967314ccd1fcb"
            },
            "dist": {
                "type": "zip",
                "url": "https://api.github.com/repos/alibabacloud-sdk-php/alibabacloud-gateway-spi/zipball/7440f77750c329d8ab252db1d1d967314ccd1fcb",
                "reference": "7440f77750c329d8ab252db1d1d967314ccd1fcb",
                "shasum": ""
            },
            "require": {
                "alibabacloud/credentials": "^1.1",
                "php": ">5.5"
            },
            "type": "library",
            "autoload": {
                "psr-4": {
                    "Darabonba\\GatewaySpi\\": "src"
                }
            },
            "notification-url": "https://packagist.org/downloads/",
            "license": [
                "Apache-2.0"
            ],
            "authors": [
                {
                    "name": "Alibaba Cloud SDK",
                    "email": "sdk-team@alibabacloud.com"
                }
            ],
            "description": "Alibaba Cloud Gateway SPI Client",
            "support": {
                "source": "https://github.com/alibabacloud-sdk-php/alibabacloud-gateway-spi/tree/1.0.0"
            },
            "time": "2022-07-14T05:31:35+00:00"
        },
        {
            "name": "alibabacloud/openapi-core",
            "version": "1.0.9",
            "source": {
                "type": "git",
                "url": "https://github.com/alibabacloud-sdk-php/openapi-core.git",
                "reference": "7b241b2a0e71f70629e2ecdc5cbe8c8b6b3a7567"
            },
            "dist": {
                "type": "zip",
                "url": "https://api.github.com/repos/alibabacloud-sdk-php/openapi-core/zipball/7b241b2a0e71f70629e2ecdc5cbe8c8b6b3a7567",
                "reference": "7b241b2a0e71f70629e2ecdc5cbe8c8b6b3a7567",
                "shasum": ""
            },
            "require": {
                "alibabacloud/credentials": "^1.2.2",
                "alibabacloud/darabonba": "^1",
                "alibabacloud/gateway-spi": "^1",
                "php": ">5.5"
            },
            "require-dev": {
                "phpunit/phpunit": "^4.8.35|^5.4.3|^9.3",
                "symfony/dotenv": "^3.4",
                "symfony/var-dumper": "^3.4"
            },
            "type": "library",
            "autoload": {
                "psr-4": {
                    "Darabonba\\OpenApi\\": "src"
                }
            },
            "notification-url": "https://packagist.org/downloads/",
            "license": [
                "Apache-2.0"
            ],
            "authors": [
                {
                    "name": "Alibaba Cloud SDK",
                    "email": "sdk-team@alibabacloud.com"
                }
            ],
            "description": "Alibaba Cloud OpenApi Client Core",
            "support": {
                "issues": "https://github.com/alibabacloud-sdk-php/openapi-core/issues",
                "source": "https://github.com/alibabacloud-sdk-php/openapi-core/tree/1.0.9"
            },
            "time": "2026-01-15T06:47:29+00:00"
        },
        {
            "name": "alibabacloud/tea",
            "version": "3.2.1",
            "source": {
                "type": "git",
                "url": "https://github.com/aliyun/tea-php.git",
                "reference": "1619cb96c158384f72b873e1f85de8b299c9c367"
            },
            "dist": {
                "type": "zip",
                "url": "https://api.github.com/repos/aliyun/tea-php/zipball/1619cb96c158384f72b873e1f85de8b299c9c367",
                "reference": "1619cb96c158384f72b873e1f85de8b299c9c367",
                "shasum": ""
            },
            "require": {
                "adbario/php-dot-notation": "^2.4",
                "ext-curl": "*",
                "ext-json": "*",
                "ext-libxml": "*",
                "ext-mbstring": "*",
                "ext-openssl": "*",
                "ext-simplexml": "*",
                "ext-xmlwriter": "*",
                "guzzlehttp/guzzle": "^6.3|^7.0",
                "php": ">=5.5"
            },
            "require-dev": {
                "phpunit/phpunit": "*",
                "symfony/dotenv": "^3.4",
                "symfony/var-dumper": "^3.4"
            },
            "suggest": {
                "ext-sockets": "To use client-side monitoring"
            },
            "type": "library",
            "autoload": {
                "psr-4": {
                    "AlibabaCloud\\Tea\\": "src"
                }
            },
            "notification-url": "https://packagist.org/downloads/",
            "license": [
                "Apache-2.0"
            ],
            "authors": [
                {
                    "name": "Alibaba Cloud SDK",
                    "email": "sdk-team@alibabacloud.com",
                    "homepage": "http://www.alibabacloud.com"
                }
            ],
            "description": "Client of Tea for PHP",
            "homepage": "https://www.alibabacloud.com/",
            "keywords": [
                "alibabacloud",
                "client",
                "cloud",
                "tea"
            ],
            "support": {
                "issues": "https://github.com/aliyun/tea-php/issues",
                "source": "https://github.com/aliyun/tea-php"
            },
            "time": "2023-05-16T06:43:41+00:00"
        },
        {
            "name": "guzzlehttp/guzzle",
            "version": "7.10.0",
            "source": {
                "type": "git",
                "url": "https://github.com/guzzle/guzzle.git",
                "reference": "b51ac707cfa420b7bfd4e4d5e510ba8008e822b4"
            },
            "dist": {
                "type": "zip",
                "url": "https://api.github.com/repos/guzzle/guzzle/zipball/b51ac707cfa420b7bfd4e4d5e510ba8008e822b4",
                "reference": "b51ac707cfa420b7bfd4e4d5e510ba8008e822b4",
                "shasum": ""
            },
            "require": {
                "ext-json": "*",
                "guzzlehttp/promises": "^2.3",
                "guzzlehttp/psr7": "^2.8",
                "php": "^7.2.5 || ^8.0",
                "psr/http-client": "^1.0",
                "symfony/deprecation-contracts": "^2.2 || ^3.0"
            },
            "provide": {
                "psr/http-client-implementation": "1.0"
            },
            "require-dev": {
                "bamarni/composer-bin-plugin": "^1.8.2",
                "ext-curl": "*",
                "guzzle/client-integration-tests": "3.0.2",
                "php-http/message-factory": "^1.1",
                "phpunit/phpunit": "^8.5.39 || ^9.6.20",
                "psr/log": "^1.1 || ^2.0 || ^3.0"
            },
            "suggest": {
                "ext-curl": "Required for CURL handler support",
                "ext-intl": "Required for Internationalized Domain Name (IDN) support",
                "psr/log": "Required for using the Log middleware"
            },
            "type": "library",
            "extra": {
                "bamarni-bin": {
                    "bin-links": true,
                    "forward-command": false
                }
            },
            "autoload": {
                "files": [
                    "src/functions_include.php"
                ],
                "psr-4": {
                    "GuzzleHttp\\": "src/"
                }
            },
            "notification-url": "https://packagist.org/downloads/",
            "license": [
                "MIT"
            ],
            "authors": [
                {
                    "name": "Graham Campbell",
                    "email": "hello@gjcampbell.co.uk",
                    "homepage": "https://github.com/GrahamCampbell"
                },
                {
                    "name": "Michael Dowling",
                    "email": "mtdowling@gmail.com",
                    "homepage": "https://github.com/mtdowling"
                },
                {
                    "name": "Jeremy Lindblom",
                    "email": "jeremeamia@gmail.com",
                    "homepage": "https://github.com/jeremeamia"
                },
                {
                    "name": "George Mponos",
                    "email": "gmponos@gmail.com",
                    "homepage": "https://github.com/gmponos"
                },
                {
                    "name": "Tobias Nyholm",
                    "email": "tobias.nyholm@gmail.com",
                    "homepage": "https://github.com/Nyholm"
                },
                {
                    "name": "Márk Sági-Kazár",
                    "email": "mark.sagikazar@gmail.com",
                    "homepage": "https://github.com/sagikazarmark"
                },
                {
                    "name": "Tobias Schultze",
                    "email": "webmaster@tubo-world.de",
                    "homepage": "https://github.com/Tobion"
                }
            ],
            "description": "Guzzle is a PHP HTTP client library",
            "keywords": [
                "client",
                "curl",
                "framework",
                "http",
                "http client",
                "psr-18",
                "psr-7",
                "rest",
                "web service"
            ],
            "support": {
                "issues": "https://github.com/guzzle/guzzle/issues",
                "source": "https://github.com/guzzle/guzzle/tree/7.10.0"
            },
            "funding": [
                {
                    "url": "https://github.com/GrahamCampbell",
                    "type": "github"
                },
                {
                    "url": "https://github.com/Nyholm",
                    "type": "github"
                },
                {
                    "url": "https://tidelift.com/funding/github/packagist/guzzlehttp/guzzle",
                    "type": "tidelift"
                }
            ],
            "time": "2025-08-23T22:36:01+00:00"
        },
        {
            "name": "guzzlehttp/promises",
            "version": "2.3.0",
            "source": {
                "type": "git",
                "url": "https://github.com/guzzle/promises.git",
                "reference": "481557b130ef3790cf82b713667b43030dc9c957"
            },
            "dist": {
                "type": "zip",
                "url": "https://api.github.com/repos/guzzle/promises/zipball/481557b130ef3790cf82b713667b43030dc9c957",
                "reference": "481557b130ef3790cf82b713667b43030dc9c957",
                "shasum": ""
            },
            "require": {
                "php": "^7.2.5 || ^8.0"
            },
            "require-dev": {
                "bamarni/composer-bin-plugin": "^1.8.2",
                "phpunit/phpunit": "^8.5.44 || ^9.6.25"
            },
            "type": "library",
            "extra": {
                "bamarni-bin": {
                    "bin-links": true,
                    "forward-command": false
                }
            },
            "autoload": {
                "psr-4": {
                    "GuzzleHttp\\Promise\\": "src/"
                }
            },
            "notification-url": "https://packagist.org/downloads/",
            "license": [
                "MIT"
            ],
            "authors": [
                {
                    "name": "Graham Campbell",
                    "email": "hello@gjcampbell.co.uk",
                    "homepage": "https://github.com/GrahamCampbell"
                },
                {
                    "name": "Michael Dowling",
                    "email": "mtdowling@gmail.com",
                    "homepage": "https://github.com/mtdowling"
                },
                {
                    "name": "Tobias Nyholm",
                    "email": "tobias.nyholm@gmail.com",
                    "homepage": "https://github.com/Nyholm"
                },
                {
                    "name": "Tobias Schultze",
                    "email": "webmaster@tubo-world.de",
                    "homepage": "https://github.com/Tobion"
                }
            ],
            "description": "Guzzle promises library",
            "keywords": [
                "promise"
            ],
            "support": {
                "issues": "https://github.com/guzzle/promises/issues",
                "source": "https://github.com/guzzle/promises/tree/2.3.0"
            },
            "funding": [
                {
                    "url": "https://github.com/GrahamCampbell",
                    "type": "github"
                },
                {
                    "url": "https://github.com/Nyholm",
                    "type": "github"
                },
                {
                    "url": "https://tidelift.com/funding/github/packagist/guzzlehttp/promises",
                    "type": "tidelift"
                }
            ],
            "time": "2025-08-22T14:34:08+00:00"
        },
        {
            "name": "guzzlehttp/psr7",
            "version": "2.9.0",
            "source": {
                "type": "git",
                "url": "https://github.com/guzzle/psr7.git",
                "reference": "7d0ed42f28e42d61352a7a79de682e5e67fec884"
            },
            "dist": {
                "type": "zip",
                "url": "https://api.github.com/repos/guzzle/psr7/zipball/7d0ed42f28e42d61352a7a79de682e5e67fec884",
                "reference": "7d0ed42f28e42d61352a7a79de682e5e67fec884",
                "shasum": ""
            },
            "require": {
                "php": "^7.2.5 || ^8.0",
                "psr/http-factory": "^1.0",
                "psr/http-message": "^1.1 || ^2.0",
                "ralouphie/getallheaders": "^3.0"
            },
            "provide": {
                "psr/http-factory-implementation": "1.0",
                "psr/http-message-implementation": "1.0"
            },
            "require-dev": {
                "bamarni/composer-bin-plugin": "^1.8.2",
                "http-interop/http-factory-tests": "0.9.0",
                "jshttp/mime-db": "1.54.0.1",
                "phpunit/phpunit": "^8.5.44 || ^9.6.25"
            },
            "suggest": {
                "laminas/laminas-httphandlerrunner": "Emit PSR-7 responses"
            },
            "type": "library",
            "extra": {
                "bamarni-bin": {
                    "bin-links": true,
                    "forward-command": false
                }
            },
            "autoload": {
                "psr-4": {
                    "GuzzleHttp\\Psr7\\": "src/"
                }
            },
            "notification-url": "https://packagist.org/downloads/",
            "license": [
                "MIT"
            ],
            "authors": [
                {
                    "name": "Graham Campbell",
                    "email": "hello@gjcampbell.co.uk",
                    "homepage": "https://github.com/GrahamCampbell"
                },
                {
                    "name": "Michael Dowling",
                    "email": "mtdowling@gmail.com",
                    "homepage": "https://github.com/mtdowling"
                },
                {
                    "name": "George Mponos",
                    "email": "gmponos@gmail.com",
                    "homepage": "https://github.com/gmponos"
                },
                {
                    "name": "Tobias Nyholm",
                    "email": "tobias.nyholm@gmail.com",
                    "homepage": "https://github.com/Nyholm"
                },
                {
                    "name": "Márk Sági-Kazár",
                    "email": "mark.sagikazar@gmail.com",
                    "homepage": "https://github.com/sagikazarmark"
                },
                {
                    "name": "Tobias Schultze",
                    "email": "webmaster@tubo-world.de",
                    "homepage": "https://github.com/Tobion"
                },
                {
                    "name": "Márk Sági-Kazár",
                    "email": "mark.sagikazar@gmail.com",
                    "homepage": "https://sagikazarmark.hu"
                }
            ],
            "description": "PSR-7 message implementation that also provides common utility methods",
            "keywords": [
                "http",
                "message",
                "psr-7",
                "request",
                "response",
                "stream",
                "uri",
                "url"
            ],
            "support": {
                "issues": "https://github.com/guzzle/psr7/issues",
                "source": "https://github.com/guzzle/psr7/tree/2.9.0"
            },
            "funding": [
                {
                    "url": "https://github.com/GrahamCampbell",
                    "type": "github"
                },
                {
                    "url": "https://github.com/Nyholm",
                    "type": "github"
                },
                {
                    "url": "https://tidelift.com/funding/github/packagist/guzzlehttp/psr7",
                    "type": "tidelift"
                }
            ],
            "time": "2026-03-10T16:41:02+00:00"
        },
        {
            "name": "kkokk/poster",
            "version": "v3.0.5",
            "source": {
                "type": "git",
                "url": "https://github.com/kkokk/poster.git",
                "reference": "5c52097554fba687d210f294ba8a2d2f08b0efca"
            },
            "dist": {
                "type": "zip",
                "url": "https://api.github.com/repos/kkokk/poster/zipball/5c52097554fba687d210f294ba8a2d2f08b0efca",
                "reference": "5c52097554fba687d210f294ba8a2d2f08b0efca",
                "shasum": ""
            },
            "require": {
                "ext-gd": "*",
                "ext-iconv": "*",
                "ext-mbstring": "*",
                "php": ">=5.6.0"
            },
            "type": "project",
            "autoload": {
                "files": [
                    "src/helpers.php"
                ],
                "psr-4": {
                    "Kkokk\\Poster\\": "src/"
                }
            },
            "notification-url": "https://packagist.org/downloads/",
            "license": [
                "MIT"
            ],
            "authors": [
                {
                    "name": "lang",
                    "email": "732853989@qq.com"
                }
            ],
            "description": "PHP生成海报、验证码、行为验证码",
            "support": {
                "issues": "https://github.com/kkokk/poster/issues",
                "source": "https://github.com/kkokk/poster/tree/v3.0.5"
            },
            "time": "2025-12-20T09:32:21+00:00"
        },
        {
            "name": "psr/http-client",
            "version": "1.0.3",
            "source": {
                "type": "git",
                "url": "https://github.com/php-fig/http-client.git",
                "reference": "bb5906edc1c324c9a05aa0873d40117941e5fa90"
            },
            "dist": {
                "type": "zip",
                "url": "https://api.github.com/repos/php-fig/http-client/zipball/bb5906edc1c324c9a05aa0873d40117941e5fa90",
                "reference": "bb5906edc1c324c9a05aa0873d40117941e5fa90",
                "shasum": ""
            },
            "require": {
                "php": "^7.0 || ^8.0",
                "psr/http-message": "^1.0 || ^2.0"
            },
            "type": "library",
            "extra": {
                "branch-alias": {
                    "dev-master": "1.0.x-dev"
                }
            },
            "autoload": {
                "psr-4": {
                    "Psr\\Http\\Client\\": "src/"
                }
            },
            "notification-url": "https://packagist.org/downloads/",
            "license": [
                "MIT"
            ],
            "authors": [
                {
                    "name": "PHP-FIG",
                    "homepage": "https://www.php-fig.org/"
                }
            ],
            "description": "Common interface for HTTP clients",
            "homepage": "https://github.com/php-fig/http-client",
            "keywords": [
                "http",
                "http-client",
                "psr",
                "psr-18"
            ],
            "support": {
                "source": "https://github.com/php-fig/http-client"
            },
            "time": "2023-09-23T14:17:50+00:00"
        },
        {
            "name": "psr/http-factory",
            "version": "1.1.0",
            "source": {
                "type": "git",
                "url": "https://github.com/php-fig/http-factory.git",
                "reference": "2b4765fddfe3b508ac62f829e852b1501d3f6e8a"
            },
            "dist": {
                "type": "zip",
                "url": "https://api.github.com/repos/php-fig/http-factory/zipball/2b4765fddfe3b508ac62f829e852b1501d3f6e8a",
                "reference": "2b4765fddfe3b508ac62f829e852b1501d3f6e8a",
                "shasum": ""
            },
            "require": {
                "php": ">=7.1",
                "psr/http-message": "^1.0 || ^2.0"
            },
            "type": "library",
            "extra": {
                "branch-alias": {
                    "dev-master": "1.0.x-dev"
                }
            },
            "autoload": {
                "psr-4": {
                    "Psr\\Http\\Message\\": "src/"
                }
            },
            "notification-url": "https://packagist.org/downloads/",
            "license": [
                "MIT"
            ],
            "authors": [
                {
                    "name": "PHP-FIG",
                    "homepage": "https://www.php-fig.org/"
                }
            ],
            "description": "PSR-17: Common interfaces for PSR-7 HTTP message factories",
            "keywords": [
                "factory",
                "http",
                "message",
                "psr",
                "psr-17",
                "psr-7",
                "request",
                "response"
            ],
            "support": {
                "source": "https://github.com/php-fig/http-factory"
            },
            "time": "2024-04-15T12:06:14+00:00"
        },
        {
            "name": "psr/http-message",
            "version": "2.0",
            "source": {
                "type": "git",
                "url": "https://github.com/php-fig/http-message.git",
                "reference": "402d35bcb92c70c026d1a6a9883f06b2ead23d71"
            },
            "dist": {
                "type": "zip",
                "url": "https://api.github.com/repos/php-fig/http-message/zipball/402d35bcb92c70c026d1a6a9883f06b2ead23d71",
                "reference": "402d35bcb92c70c026d1a6a9883f06b2ead23d71",
                "shasum": ""
            },
            "require": {
                "php": "^7.2 || ^8.0"
            },
            "type": "library",
            "extra": {
                "branch-alias": {
                    "dev-master": "2.0.x-dev"
                }
            },
            "autoload": {
                "psr-4": {
                    "Psr\\Http\\Message\\": "src/"
                }
            },
            "notification-url": "https://packagist.org/downloads/",
            "license": [
                "MIT"
            ],
            "authors": [
                {
                    "name": "PHP-FIG",
                    "homepage": "https://www.php-fig.org/"
                }
            ],
            "description": "Common interface for HTTP messages",
            "homepage": "https://github.com/php-fig/http-message",
            "keywords": [
                "http",
                "http-message",
                "psr",
                "psr-7",
                "request",
                "response"
            ],
            "support": {
                "source": "https://github.com/php-fig/http-message/tree/2.0"
            },
            "time": "2023-04-04T09:54:51+00:00"
        },
        {
            "name": "psr/log",
            "version": "3.0.2",
            "source": {
                "type": "git",
                "url": "https://github.com/php-fig/log.git",
                "reference": "f16e1d5863e37f8d8c2a01719f5b34baa2b714d3"
            },
            "dist": {
                "type": "zip",
                "url": "https://api.github.com/repos/php-fig/log/zipball/f16e1d5863e37f8d8c2a01719f5b34baa2b714d3",
                "reference": "f16e1d5863e37f8d8c2a01719f5b34baa2b714d3",
                "shasum": ""
            },
            "require": {
                "php": ">=8.0.0"
            },
            "type": "library",
            "extra": {
                "branch-alias": {
                    "dev-master": "3.x-dev"
                }
            },
            "autoload": {
                "psr-4": {
                    "Psr\\Log\\": "src"
                }
            },
            "notification-url": "https://packagist.org/downloads/",
            "license": [
                "MIT"
            ],
            "authors": [
                {
                    "name": "PHP-FIG",
                    "homepage": "https://www.php-fig.org/"
                }
            ],
            "description": "Common interface for logging libraries",
            "homepage": "https://github.com/php-fig/log",
            "keywords": [
                "log",
                "psr",
                "psr-3"
            ],
            "support": {
                "source": "https://github.com/php-fig/log/tree/3.0.2"
            },
            "time": "2024-09-11T13:17:53+00:00"
        },
        {
            "name": "ralouphie/getallheaders",
            "version": "3.0.3",
            "source": {
                "type": "git",
                "url": "https://github.com/ralouphie/getallheaders.git",
                "reference": "120b605dfeb996808c31b6477290a714d356e822"
            },
            "dist": {
                "type": "zip",
                "url": "https://api.github.com/repos/ralouphie/getallheaders/zipball/120b605dfeb996808c31b6477290a714d356e822",
                "reference": "120b605dfeb996808c31b6477290a714d356e822",
                "shasum": ""
            },
            "require": {
                "php": ">=5.6"
            },
            "require-dev": {
                "php-coveralls/php-coveralls": "^2.1",
                "phpunit/phpunit": "^5 || ^6.5"
            },
            "type": "library",
            "autoload": {
                "files": [
                    "src/getallheaders.php"
                ]
            },
            "notification-url": "https://packagist.org/downloads/",
            "license": [
                "MIT"
            ],
            "authors": [
                {
                    "name": "Ralph Khattar",
                    "email": "ralph.khattar@gmail.com"
                }
            ],
            "description": "A polyfill for getallheaders.",
            "support": {
                "issues": "https://github.com/ralouphie/getallheaders/issues",
                "source": "https://github.com/ralouphie/getallheaders/tree/develop"
            },
            "time": "2019-03-08T08:55:37+00:00"
        },
        {
            "name": "symfony/deprecation-contracts",
            "version": "v3.6.0",
            "source": {
                "type": "git",
                "url": "https://github.com/symfony/deprecation-contracts.git",
                "reference": "63afe740e99a13ba87ec199bb07bbdee937a5b62"
            },
            "dist": {
                "type": "zip",
                "url": "https://api.github.com/repos/symfony/deprecation-contracts/zipball/63afe740e99a13ba87ec199bb07bbdee937a5b62",
                "reference": "63afe740e99a13ba87ec199bb07bbdee937a5b62",
                "shasum": ""
            },
            "require": {
                "php": ">=8.1"
            },
            "type": "library",
            "extra": {
                "thanks": {
                    "url": "https://github.com/symfony/contracts",
                    "name": "symfony/contracts"
                },
                "branch-alias": {
                    "dev-main": "3.6-dev"
                }
            },
            "autoload": {
                "files": [
                    "function.php"
                ]
            },
            "notification-url": "https://packagist.org/downloads/",
            "license": [
                "MIT"
            ],
            "authors": [
                {
                    "name": "Nicolas Grekas",
                    "email": "p@tchwork.com"
                },
                {
                    "name": "Symfony Community",
                    "homepage": "https://symfony.com/contributors"
                }
            ],
            "description": "A generic function and convention to trigger deprecation notices",
            "homepage": "https://symfony.com",
            "support": {
                "source": "https://github.com/symfony/deprecation-contracts/tree/v3.6.0"
            },
            "funding": [
                {
                    "url": "https://symfony.com/sponsor",
                    "type": "custom"
                },
                {
                    "url": "https://github.com/fabpot",
                    "type": "github"
                },
                {
                    "url": "https://tidelift.com/funding/github/packagist/symfony/symfony",
                    "type": "tidelift"
                }
            ],
            "time": "2024-09-25T14:21:43+00:00"
        },
        {
            "name": "yurunsoft/pay-sdk",
            "version": "v3.1.7",
            "source": {
                "type": "git",
                "url": "https://github.com/Yurunsoft/PaySDK.git",
                "reference": "e146a056f3aa1b68f64bbc5e261bf137b7723307"
            },
            "dist": {
                "type": "zip",
                "url": "https://api.github.com/repos/Yurunsoft/PaySDK/zipball/e146a056f3aa1b68f64bbc5e261bf137b7723307",
                "reference": "e146a056f3aa1b68f64bbc5e261bf137b7723307",
                "shasum": ""
            },
            "require": {
                "php": ">=5.5",
                "yurunsoft/yurun-http": "~4.0|~5.0"
            },
            "require-dev": {
                "friendsofphp/php-cs-fixer": "2.18.3"
            },
            "bin": [
                "src/Weixin/Tool/CertificateDownloader.php"
            ],
            "type": "library",
            "autoload": {
                "psr-4": {
                    "Yurun\\PaySDK\\": "src/"
                }
            },
            "notification-url": "https://packagist.org/downloads/",
            "license": [
                "MIT"
            ],
            "description": "PHP 集成支付 SDK ，集成了支付宝、微信支付的支付接口和其它相关接口的操作。",
            "support": {
                "issues": "https://github.com/Yurunsoft/PaySDK/issues",
                "source": "https://github.com/Yurunsoft/PaySDK/tree/v3.1.7"
            },
            "time": "2024-09-02T06:00:28+00:00"
        },
        {
            "name": "yurunsoft/yurun-http",
            "version": "v5.0.1",
            "source": {
                "type": "git",
                "url": "https://github.com/Yurunsoft/YurunHttp.git",
                "reference": "df62abcb81166f4fa1a1eca426cd0b6792b0edce"
            },
            "dist": {
                "type": "zip",
                "url": "https://api.github.com/repos/Yurunsoft/YurunHttp/zipball/df62abcb81166f4fa1a1eca426cd0b6792b0edce",
                "reference": "df62abcb81166f4fa1a1eca426cd0b6792b0edce",
                "shasum": ""
            },
            "require": {
                "php": ">=7.1",
                "psr/http-message": "~1.0|~2.0",
                "psr/log": "~1.0|~2.0|~3.0"
            },
            "require-dev": {
                "monolog/monolog": "*",
                "phpunit/phpunit": ">=4 <9.7",
                "swoole/ide-helper": "^4.5",
                "workerman/workerman": "^4.0"
            },
            "type": "library",
            "autoload": {
                "psr-4": {
                    "Yurun\\Util\\": "./src/"
                }
            },
            "notification-url": "https://packagist.org/downloads/",
            "license": [
                "MIT"
            ],
            "description": "YurunHttp 是开源的 PHP HTTP 类库，支持链式操作，简单易用。支持 Curl、Swoole，支持 Http、Http2、WebSocket！",
            "support": {
                "issues": "https://github.com/Yurunsoft/YurunHttp/issues",
                "source": "https://github.com/Yurunsoft/YurunHttp/tree/v5.0.1"
            },
            "time": "2024-01-17T02:20:44+00:00"
        },
        {
            "name": "yurunsoft/yurun-oauth-login",
            "version": "v3.1.0",
            "source": {
                "type": "git",
                "url": "https://github.com/Yurunsoft/YurunOAuthLogin.git",
                "reference": "e026602773daa59b3a1e519db772897e46d118cd"
            },
            "dist": {
                "type": "zip",
                "url": "https://api.github.com/repos/Yurunsoft/YurunOAuthLogin/zipball/e026602773daa59b3a1e519db772897e46d118cd",
                "reference": "e026602773daa59b3a1e519db772897e46d118cd",
                "shasum": ""
            },
            "require": {
                "php": ">=5.5",
                "yurunsoft/yurun-http": "~4.0|~5.0"
            },
            "require-dev": {
                "friendsofphp/php-cs-fixer": "2.18.3"
            },
            "type": "library",
            "autoload": {
                "psr-4": {
                    "Yurun\\OAuthLogin\\": "src/"
                }
            },
            "notification-url": "https://packagist.org/downloads/",
            "license": [
                "MIT"
            ],
            "authors": [
                {
                    "name": "Yurun",
                    "email": "admin@yurunsoft.com"
                },
                {
                    "name": "Lu Fei",
                    "email": "lufei@simps.io"
                }
            ],
            "description": "YurunOAuthLogin 是一个 PHP 第三方登录授权 SDK，集成了 QQ、微信、微博、GitHub 等常用接口。",
            "support": {
                "issues": "https://github.com/Yurunsoft/YurunOAuthLogin/issues",
                "source": "https://github.com/Yurunsoft/YurunOAuthLogin/tree/v3.1.0"
            },
            "time": "2023-10-17T06:15:44+00:00"
        },
        {
            "name": "zoujingli/wechat-developer",
            "version": "v1.2.78",
            "source": {
                "type": "git",
                "url": "https://github.com/zoujingli/WeChatDeveloper.git",
                "reference": "5aff97be526475c4ed00c3b6519cf50ece42cd76"
            },
            "dist": {
                "type": "zip",
                "url": "https://api.github.com/repos/zoujingli/WeChatDeveloper/zipball/5aff97be526475c4ed00c3b6519cf50ece42cd76",
                "reference": "5aff97be526475c4ed00c3b6519cf50ece42cd76",
                "shasum": ""
            },
            "require": {
                "ext-bcmath": "*",
                "ext-curl": "*",
                "ext-json": "*",
                "ext-libxml": "*",
                "ext-mbstring": "*",
                "ext-openssl": "*",
                "ext-simplexml": "*",
                "ext-xml": "*",
                "php": ">=5.4"
            },
            "type": "library",
            "autoload": {
                "files": [
                    "helper.php"
                ],
                "psr-4": {
                    "WePay\\": "WePay",
                    "AliPay\\": "AliPay",
                    "WeChat\\": "WeChat",
                    "WeMini\\": "WeMini",
                    "WePayV3\\": "WePayV3"
                },
                "classmap": [
                    "We.php"
                ]
            },
            "notification-url": "https://packagist.org/downloads/",
            "license": [
                "MIT"
            ],
            "authors": [
                {
                    "name": "Anyon",
                    "email": "zoujingli@qq.com",
                    "homepage": "https://thinkadmin.top"
                }
            ],
            "description": "WeChat and Alipay Platform Development",
            "homepage": "https://thinkadmin.top",
            "keywords": [
                "WeChatDeveloper",
                "WeMini",
                "alipay",
                "wechat",
                "wechatpay"
            ],
            "support": {
                "issues": "https://github.com/zoujingli/WeChatDeveloper/issues",
                "source": "https://github.com/zoujingli/WeChatDeveloper/tree/v1.2.78"
            },
            "time": "2026-03-07T01:46:36+00:00"
        }
    ],
    "packages-dev": [],
    "aliases": [],
    "minimum-stability": "stable",
    "stability-flags": {},
    "prefer-stable": false,
    "prefer-lowest": false,
    "platform": {},
    "platform-dev": {},
    "plugin-api-version": "2.9.0"
}
